
Microsoft Visual Studio Solution File, Format Version 12.00
# Visual Studio Version 17
VisualStudioVersion = 17.0.32014.148
MinimumVisualStudioVersion = 10.0.40219.1
Project("{FAE04EC0-301F-11D3-BF4B-00C04F79EFBC}") = "ADMUtil", "ADMUtil.csproj", "{CCCBB01F-F683-49B0-B666-249D4D5592AF}"
EndProject
Project("{FAE04EC0-301F-11D3-BF4B-00C04F79EFBC}") = "MainTest", "..\MainTest\MainTest.csproj", "{B7A1F1CD-EE98-4FFA-B3C0-529FEAE82E01}"
EndProject
Global
	GlobalSection(SolutionConfigurationPlatforms) = preSolution
		Debug|Any CPU = Debug|Any CPU
		Release|Any CPU = Release|Any CPU
	EndGlobalSection
	GlobalSection(ProjectConfigurationPlatforms) = postSolution
		{CCCBB01F-F683-49B0-B666-249D4D5592AF}.Debug|Any CPU.ActiveCfg = Debug|Any CPU
		{CCCBB01F-F683-49B0-B666-249D4D5592AF}.Debug|Any CPU.Build.0 = Debug|Any CPU
		{CCCBB01F-F683-49B0-B666-249D4D5592AF}.Release|Any CPU.ActiveCfg = Release|Any CPU
		{B7A1F1CD-EE98-4FFA-B3C0-529FEAE82E01}.Debug|Any CPU.ActiveCfg = Debug|Any CPU
		{B7A1F1CD-EE98-4FFA-B3C0-529FEAE82E01}.Debug|Any CPU.Build.0 = Debug|Any CPU
		{B7A1F1CD-EE98-4FFA-B3C0-529FEAE82E01}.Release|Any CPU.ActiveCfg = Release|Any CPU
	EndGlobalSection
	GlobalSection(SolutionProperties) = preSolution
		HideSolutionNode = FALSE
	EndGlobalSection
	GlobalSection(ExtensibilityGlobals) = postSolution
		SolutionGuid = {6F4F59ED-E9BA-4922-B935-1B2F6D7B751A}
	EndGlobalSection
EndGlobal
